github.com/vchimishuk/chubby v0.0.0-20241219235847-622f8f2e45e4 h1://9pbkWfEGXT5XNcpQuPBSZzuwGc3m11xLPKff6rgJM=
github.com/vchimishuk/chubby v0.0.0-20241219235847-622f8f2e45e4/go.mod h1:WG3U84IdkwKpNaYrc0bXm1SRH/XRbP5DvIOwXvW3XZg=
github.com/vchimishuk/opt v0.0.0-20160918213041-e09d5e511662 h1:lfnqx9S4HdQgBI2bcBvo5736IA2+2nGMT8z2JrIKy50=
github.com/vchimishuk/opt v0.0.0-20160918213041-e09d5e511662/go.mod h1:nas1Wr+WMtxTzFZ5h/Sotm1LIcrEdzjvAp7tl3782Ng=
