github.com/vchimishuk/chubby v0.0.0-20260509152105-e21cde046cad h1:jOG5LAja1Cg+Q0QMhEAiQaEP79JF/V+dlErbxdz5HtM=
github.com/vchimishuk/chubby v0.0.0-20260509152105-e21cde046cad/go.mod h1:WG3U84IdkwKpNaYrc0bXm1SRH/XRbP5DvIOwXvW3XZg=
github.com/vchimishuk/opt v0.0.0-20260329220500-a8e398f12069 h1:ifmkC5qnMFL55QTmeDNBfOoOWoGgTfzKMkjpzAwvpm8=
github.com/vchimishuk/opt v0.0.0-20260329220500-a8e398f12069/go.mod h1:MW7wx9OaqU0whuX3WqVLl5i08bNC4VrYQJbJHNrWqL4=
